// !$*UTF8*$!
{
	archiveVersion = 1;
	classes = {
	};
	objectVersion = 46;
	objects = {

/* Begin PBXBuildFile section */
		8204D0891CB1EB8F00DE664F /* MapViewController.swift in Sources */ = {isa = PBXBuildFile; fileRef = 8204D0881CB1EB8F00DE664F /* MapViewController.swift */; };
		8204D08B1CB3180900DE664F /* AddRestaurantController.swift in Sources */ = {isa = PBXBuildFile; fileRef = 8204D08A1CB3180900DE664F /* AddRestaurantController.swift */; };
		820A53B61CA42A84002C1274 /* Restaurant.swift in Sources */ = {isa = PBXBuildFile; fileRef = 820A53B51CA42A84002C1274 /* Restaurant.swift */; };
		820A53BC1CA446AC002C1274 /* RestaurantDetailTableViewCell.swift in Sources */ = {isa = PBXBuildFile; fileRef = 820A53BB1CA446AC002C1274 /* RestaurantDetailTableViewCell.swift */; };
		820D37AD1CA1909F00BFBB78 /* AppDelegate.swift in Sources */ = {isa = PBXBuildFile; fileRef = 820D37AC1CA1909F00BFBB78 /* AppDelegate.swift */; };
		820D37B21CA1909F00BFBB78 /* Main.storyboard in Resources */ = {isa = PBXBuildFile; fileRef = 820D37B01CA1909F00BFBB78 /* Main.storyboard */; };
		820D37B41CA1909F00BFBB78 /* Assets.xcassets in Resources */ = {isa = PBXBuildFile; fileRef = 820D37B31CA1909F00BFBB78 /* Assets.xcassets */; };
		820D37B71CA1909F00BFBB78 /* LaunchScreen.storyboard in Resources */ = {isa = PBXBuildFile; fileRef = 820D37B51CA1909F00BFBB78 /* LaunchScreen.storyboard */; };
		820D37BF1CA191D800BFBB78 /* RestaurantTableViewController.swift in Sources */ = {isa = PBXBuildFile; fileRef = 820D37BE1CA191D800BFBB78 /* RestaurantTableViewController.swift */; };
		820D37C11CA1C5AD00BFBB78 /* RestaurantTableViewCell.swift in Sources */ = {isa = PBXBuildFile; fileRef = 820D37C01CA1C5AD00BFBB78 /* RestaurantTableViewCell.swift */; };
		8281A8F11CA9B64B00BA110E /* ReviewViewController.swift in Sources */ = {isa = PBXBuildFile; fileRef = 8281A8F01CA9B64B00BA110E /* ReviewViewController.swift */; };
		8281A8F31CAEFA8A00BA110E /* MapKit.framework in Frameworks */ = {isa = PBXBuildFile; fileRef = 8281A8F21CAEFA8A00BA110E /* MapKit.framework */; };
		82ACC7461CA33833003448E4 /* RestaurantDetailViewController.swift in Sources */ = {isa = PBXBuildFile; fileRef = 82ACC7451CA33833003448E4 /* RestaurantDetailViewController.swift */; };
/* End PBXBuildFile section */

/* Begin PBXFileReference section */
		8204D0881CB1EB8F00DE664F /* MapViewController.swift */ = {isa = PBXFileReference; fileEncoding = 4; lastKnownFileType = sourcecode.swift; path = MapViewController.swift; sourceTree = "<group>"; };
		8204D08A1CB3180900DE664F /* AddRestaurantController.swift */ = {isa = PBXFileReference; fileEncoding = 4; lastKnownFileType = sourcecode.swift; path = AddRestaurantController.swift; sourceTree = "<group>"; };
		820A53B51CA42A84002C1274 /* Restaurant.swift */ = {isa = PBXFileReference; fileEncoding = 4; lastKnownFileType = sourcecode.swift; path = Restaurant.swift; sourceTree = "<group>"; };
		820A53BB1CA446AC002C1274 /* RestaurantDetailTableViewCell.swift */ = {isa = PBXFileReference; fileEncoding = 4; lastKnownFileType = sourcecode.swift; path = RestaurantDetailTableViewCell.swift; sourceTree = "<group>"; };
		820D37A91CA1909F00BFBB78 /* FoodToFeed.app */ = {isa = PBXFileReference; explicitFileType = wrapper.application; includeInIndex = 0; path = FoodToFeed.app; sourceTree = BUILT_PRODUCTS_DIR; };
		820D37AC1CA1909F00BFBB78 /* AppDelegate.swift */ = {isa = PBXFileReference; lastKnownFileType = sourcecode.swift; path = AppDelegate.swift; sourceTree = "<group>"; };
		820D37B11CA1909F00BFBB78 /* Base */ = {isa = PBXFileReference; lastKnownFileType = file.storyboard; name = Base; path = Base.lproj/Main.storyboard; sourceTree = "<group>"; };
		820D37B31CA1909F00BFBB78 /* Assets.xcassets */ = {isa = PBXFileReference; lastKnownFileType = folder.assetcatalog; path = Assets.xcassets; sourceTree = "<group>"; };
		820D37B61CA1909F00BFBB78 /* Base */ = {isa = PBXFileReference; lastKnownFileType = file.storyboard; name = Base; path = Base.lproj/LaunchScreen.storyboard; sourceTree = "<group>"; };
		820D37B81CA1909F00BFBB78 /* Info.plist */ = {isa = PBXFileReference; lastKnownFileType = text.plist.xml; path = Info.plist; sourceTree = "<group>"; };
		820D37BE1CA191D800BFBB78 /* RestaurantTableViewController.swift */ = {isa = PBXFileReference; fileEncoding = 4; lastKnownFileType = sourcecode.swift; path = RestaurantTableViewController.swift; sourceTree = "<group>"; };
		820D37C01CA1C5AD00BFBB78 /* RestaurantTableViewCell.swift */ = {isa = PBXFileReference; fileEncoding = 4; lastKnownFileType = sourcecode.swift; path = RestaurantTableViewCell.swift; sourceTree = "<group>"; };
		8281A8F01CA9B64B00BA110E /* ReviewViewController.swift */ = {isa = PBXFileReference; fileEncoding = 4; lastKnownFileType = sourcecode.swift; path = ReviewViewController.swift; sourceTree = "<group>"; };
		8281A8F21CAEFA8A00BA110E /* MapKit.framework */ = {isa = PBXFileReference; lastKnownFileType = wrapper.framework; name = MapKit.framework; path = System/Library/Frameworks/MapKit.framework; sourceTree = SDKROOT; };
		82ACC7451CA33833003448E4 /* RestaurantDetailViewController.swift */ = {isa = PBXFileReference; fileEncoding = 4; lastKnownFileType = sourcecode.swift; path = RestaurantDetailViewController.swift; sourceTree = "<group>"; };
/* End PBXFileReference section */

/* Begin PBXFrameworksBuildPhase section */
		820D37A61CA1909F00BFBB78 /* Frameworks */ = {
			isa = PBXFrameworksBuildPhase;
			buildActionMask = 2147483647;
			files = (
				8281A8F31CAEFA8A00BA110E /* MapKit.framework in Frameworks */,
			);
			runOnlyForDeploymentPostprocessing = 0;
		};
/* End PBXFrameworksBuildPhase section */

/* Begin PBXGroup section */
		820D37A01CA1909F00BFBB78 = {
			isa = PBXGroup;
			children = (
				8281A8F21CAEFA8A00BA110E /* MapKit.framework */,
				820D37AB1CA1909F00BFBB78 /* FoodToFeed */,
				820D37AA1CA1909F00BFBB78 /* Products */,
			);
			sourceTree = "<group>";
		};
		820D37AA1CA1909F00BFBB78 /* Products */ = {
			isa = PBXGroup;
			children = (
				820D37A91CA1909F00BFBB78 /* FoodToFeed.app */,
			);
			name = Products;
			sourceTree = "<group>";
		};
		820D37AB1CA1909F00BFBB78 /* FoodToFeed */ = {
			isa = PBXGroup;
			children = (
				820D37AC1CA1909F00BFBB78 /* AppDelegate.swift */,
				820D37B01CA1909F00BFBB78 /* Main.storyboard */,
				820D37B31CA1909F00BFBB78 /* Assets.xcassets */,
				820D37B51CA1909F00BFBB78 /* LaunchScreen.storyboard */,
				820D37B81CA1909F00BFBB78 /* Info.plist */,
				820D37BE1CA191D800BFBB78 /* RestaurantTableViewController.swift */,
				820D37C01CA1C5AD00BFBB78 /* RestaurantTableViewCell.swift */,
				82ACC7451CA33833003448E4 /* RestaurantDetailViewController.swift */,
				820A53B51CA42A84002C1274 /* Restaurant.swift */,
				820A53BB1CA446AC002C1274 /* RestaurantDetailTableViewCell.swift */,
				8281A8F01CA9B64B00BA110E /* ReviewViewController.swift */,
				8204D0881CB1EB8F00DE664F /* MapViewController.swift */,
				8204D08A1CB3180900DE664F /* AddRestaurantController.swift */,
			);
			path = FoodToFeed;
			sourceTree = "<group>";
		};
/* End PBXGroup section */

/* Begin PBXNativeTarget section */
		820D37A81CA1909F00BFBB78 /* FoodToFeed */ = {
			isa = PBXNativeTarget;
			buildConfigurationList = 820D37BB1CA1909F00BFBB78 /* Build configuration list for PBXNativeTarget "FoodToFeed" */;
			buildPhases = (
				820D37A51CA1909F00BFBB78 /* Sources */,
				820D37A61CA1909F00BFBB78 /* Frameworks */,
				820D37A71CA1909F00BFBB78 /* Resources */,
			);
			buildRules = (
			);
			dependencies = (
			);
			name = FoodToFeed;
			productName = FoodToFeed;
			productReference = 820D37A91CA1909F00BFBB78 /* FoodToFeed.app */;
			productType = "com.apple.product-type.application";
		};
/* End PBXNativeTarget section */

/* Begin PBXProject section */
		820D37A11CA1909F00BFBB78 /* Project object */ = {
			isa = PBXProject;
			attributes = {
				LastSwiftUpdateCheck = 0720;
				LastUpgradeCheck = 0720;
				ORGANIZATIONNAME = FTMDX;
				TargetAttributes = {
					820D37A81CA1909F00BFBB78 = {
						CreatedOnToolsVersion = 7.2.1;
						SystemCapabilities = {
							com.apple.Maps.iOS = {
								enabled = 1;
							};
						};
					};
				};
			};
			buildConfigurationList = 820D37A41CA1909F00BFBB78 /* Build configuration list for PBXProject "FoodToFeed" */;
			compatibilityVersion = "Xcode 3.2";
			developmentRegion = English;
			hasScannedForEncodings = 0;
			knownRegions = (
				en,
				Base,
			);
			mainGroup = 820D37A01CA1909F00BFBB78;
			productRefGroup = 820D37AA1CA1909F00BFBB78 /* Products */;
			projectDirPath = "";
			projectRoot = "";
			targets = (
				820D37A81CA1909F00BFBB78 /* FoodToFeed */,
			);
		};
/* End PBXProject section */

/* Begin PBXResourcesBuildPhase section */
		820D37A71CA1909F00BFBB78 /* Resources */ = {
			isa = PBXResourcesBuildPhase;
			buildActionMask = 2147483647;
			files = (
				820D37B71CA1909F00BFBB78 /* LaunchScreen.storyboard in Resources */,
				820D37B41CA1909F00BFBB78 /* Assets.xcassets in Resources */,
				820D37B21CA1909F00BFBB78 /* Main.storyboard in Resources */,
			);
			runOnlyForDeploymentPostprocessing = 0;
		};
/* End PBXResourcesBuildPhase section */

/* Begin PBXSourcesBuildPhase section */
		820D37A51CA1909F00BFBB78 /* Sources */ = {
			isa = PBXSourcesBuildPhase;
			buildActionMask = 2147483647;
			files = (
				820A53B61CA42A84002C1274 /* Restaurant.swift in Sources */,
				8204D08B1CB3180900DE664F /* AddRestaurantController.swift in Sources */,
				820D37BF1CA191D800BFBB78 /* RestaurantTableViewController.swift in Sources */,
				8281A8F11CA9B64B00BA110E /* ReviewViewController.swift in Sources */,
				820D37C11CA1C5AD00BFBB78 /* RestaurantTableViewCell.swift in Sources */,
				820A53BC1CA446AC002C1274 /* RestaurantDetailTableViewCell.swift in Sources */,
				82ACC7461CA33833003448E4 /* RestaurantDetailViewController.swift in Sources */,
				820D37AD1CA1909F00BFBB78 /* AppDelegate.swift in Sources */,
				8204D0891CB1EB8F00DE664F /* MapViewController.swift in Sources */,
			);
			runOnlyForDeploymentPostprocessing = 0;
		};
/* End PBXSourcesBuildPhase section */

/* Begin PBXVariantGroup section */
		820D37B01CA1909F00BFBB78 /* Main.storyboard */ = {
			isa = PBXVariantGroup;
			children = (
				820D37B11CA1909F00BFBB78 /* Base */,
			);
			name = Main.storyboard;
			sourceTree = "<group>";
		};
		820D37B51CA1909F00BFBB78 /* LaunchScreen.storyboard */ = {
			isa = PBXVariantGroup;
			children = (
				820D37B61CA1909F00BFBB78 /* Base */,
			);
			name = LaunchScreen.storyboard;
			sourceTree = "<group>";
		};
/* End PBXVariantGroup section */

/* Begin XCBuildConfiguration section */
		820D37B91CA1909F00BFBB78 /* Debug */ = {
			isa = XCBuildConfiguration;
			buildSettings = {
				ALWAYS_SEARCH_USER_PATHS = NO;
				CLANG_CXX_LANGUAGE_STANDARD = "gnu++0x";
				CLANG_CXX_LIBRARY = "libc++";
				CLANG_ENABLE_MODULES = YES;
				CLANG_ENABLE_OBJC_ARC = YES;
				CLANG_WARN_BOOL_CONVERSION = YES;
				CLANG_WARN_CONSTANT_CONVERSION = YES;
				CLANG_WARN_DIRECT_OBJC_ISA_USAGE = YES_ERROR;
				CLANG_WARN_EMPTY_BODY = YES;
				CLANG_WARN_ENUM_CONVERSION = YES;
				CLANG_WARN_INT_CONVERSION = YES;
				CLANG_WARN_OBJC_ROOT_CLASS = YES_ERROR;
				CLANG_WARN_UNREACHABLE_CODE = YES;
				CLANG_WARN__DUPLICATE_METHOD_MATCH = YES;
				"CODE_SIGN_IDENTITY[sdk=iphoneos*]" = "iPhone Developer";
				COPY_PHASE_STRIP = NO;
				DEBUG_INFORMATION_FORMAT = dwarf;
				ENABLE_STRICT_OBJC_MSGSEND = YES;
				ENABLE_TESTABILITY = YES;
				GCC_C_LANGUAGE_STANDARD = gnu99;
				GCC_DYNAMIC_NO_PIC = NO;
				GCC_NO_COMMON_BLOCKS = YES;
				GCC_OPTIMIZATION_LEVEL = 0;
				GCC_PREPROCESSOR_DEFINITIONS = (
					"DEBUG=1",
					"$(inherited)",
				);
				GCC_WARN_64_TO_32_BIT_CONVERSION = YES;
				GCC_WARN_ABOUT_RETURN_TYPE = YES_ERROR;
				GCC_WARN_UNDECLARED_SELECTOR = YES;
				GCC_WARN_UNINITIALIZED_AUTOS = YES_AGGRESSIVE;
				GCC_WARN_UNUSED_FUNCTION = YES;
				GCC_WARN_UNUSED_VARIABLE = YES;
				IPHONEOS_DEPLOYMENT_TARGET = 9.2;
				MTL_ENABLE_DEBUG_INFO = YES;
				ONLY_ACTIVE_ARCH = YES;
				SDKROOT = iphoneos;
				SWIFT_OPTIMIZATION_LEVEL = "-Onone";
			};
			name = Debug;
		};
		820D37BA1CA1909F00BFBB78 /* Release */ = {
			isa = XCBuildConfiguration;
			buildSettings = {
				ALWAYS_SEARCH_USER_PATHS = NO;
				CLANG_CXX_LANGUAGE_STANDARD = "gnu++0x";
				CLANG_CXX_LIBRARY = "libc++";
				CLANG_ENABLE_MODULES = YES;
				CLANG_ENABLE_OBJC_ARC = YES;
				CLANG_WARN_BOOL_CONVERSION = YES;
				CLANG_WARN_CONSTANT_CONVERSION = YES;
				CLANG_WARN_DIRECT_OBJC_ISA_USAGE = YES_ERROR;
				CLANG_WARN_EMPTY_BODY = YES;
				CLANG_WARN_ENUM_CONVERSION = YES;
				CLANG_WARN_INT_CONVERSION = YES;
				CLANG_WARN_OBJC_ROOT_CLASS = YES_ERROR;
				CLANG_WARN_UNREACHABLE_CODE = YES;
				CLANG_WARN__DUPLICATE_METHOD_MATCH = YES;
				"CODE_SIGN_IDENTITY[sdk=iphoneos*]" = "iPhone Developer";
				COPY_PHASE_STRIP = NO;
				DEBUG_INFORMATION_FORMAT = "dwarf-with-dsym";
				ENABLE_NS_ASSERTIONS = NO;
				ENABLE_STRICT_OBJC_MSGSEND = YES;
				GCC_C_LANGUAGE_STANDARD = gnu99;
				GCC_NO_COMMON_BLOCKS = YES;
				GCC_WARN_64_TO_32_BIT_CONVERSION = YES;
				GCC_WARN_ABOUT_RETURN_TYPE = YES_ERROR;
				GCC_WARN_UNDECLARED_SELECTOR = YES;
				GCC_WARN_UNINITIALIZED_AUTOS = YES_AGGRESSIVE;
				GCC_WARN_UNUSED_FUNCTION = YES;
				GCC_WARN_UNUSED_VARIABLE = YES;
				IPHONEOS_DEPLOYMENT_TARGET = 9.2;
				MTL_ENABLE_DEBUG_INFO = NO;
				SDKROOT = iphoneos;
				VALIDATE_PRODUCT = YES;
			};
			name = Release;
		};
		820D37BC1CA1909F00BFBB78 /* Debug */ = {
			isa = XCBuildConfiguration;
			buildSettings = {
				ASSETCATALOG_COMPILER_APPICON_NAME = AppIcon;
				INFOPLIST_FILE = FoodToFeed/Info.plist;
				LD_RUNPATH_SEARCH_PATHS = "$(inherited) @executable_path/Frameworks";
				PRODUCT_BUNDLE_IDENTIFIER = com.FTMDX.FoodToFeed;
				PRODUCT_NAME = "$(TARGET_NAME)";
			};
			name = Debug;
		};
		820D37BD1CA1909F00BFBB78 /* Release */ = {
			isa = XCBuildConfiguration;
			buildSettings = {
				ASSETCATALOG_COMPILER_APPICON_NAME = AppIcon;
				INFOPLIST_FILE = FoodToFeed/Info.plist;
				LD_RUNPATH_SEARCH_PATHS = "$(inherited) @executable_path/Frameworks";
				PRODUCT_BUNDLE_IDENTIFIER = com.FTMDX.FoodToFeed;
				PRODUCT_NAME = "$(TARGET_NAME)";
			};
			name = Release;
		};
/* End XCBuildConfiguration section */

/* Begin XCConfigurationList section */
		820D37A41CA1909F00BFBB78 /* Build configuration list for PBXProject "FoodToFeed" */ = {
			isa = XCConfigurationList;
			buildConfigurations = (
				820D37B91CA1909F00BFBB78 /* Debug */,
				820D37BA1CA1909F00BFBB78 /* Release */,
			);
			defaultConfigurationIsVisible = 0;
			defaultConfigurationName = Release;
		};
		820D37BB1CA1909F00BFBB78 /* Build configuration list for PBXNativeTarget "FoodToFeed" */ = {
			isa = XCConfigurationList;
			buildConfigurations = (
				820D37BC1CA1909F00BFBB78 /* Debug */,
				820D37BD1CA1909F00BFBB78 /* Release */,
			);
			defaultConfigurationIsVisible = 0;
			defaultConfigurationName = Release;
		};
/* End XCConfigurationList section */
	};
	rootObject = 820D37A11CA1909F00BFBB78 /* Project object */;
}
